
Microsoft Visual Studio Solution File, Format Version 12.00
# Visual Studio Version 17
VisualStudioVersion = 17.4.33122.133
MinimumVisualStudioVersion = 10.0.40219.1
Project("{FAE04EC0-301F-11D3-BF4B-00C04F79EFBC}") = "FarmerMarket_WPF", "FarmerMarket_WPF.csproj", "{A8578A9C-8904-4AD9-B348-A220F24CE37A}"
EndProject
Global
	GlobalSection(SolutionConfigurationPlatforms) = preSolution
		Debug|Any CPU = Debug|Any CPU
		Release|Any CPU = Release|Any CPU
	EndGlobalSection
	GlobalSection(ProjectConfigurationPlatforms) = postSolution
		{A8578A9C-8904-4AD9-B348-A220F24CE37A}.Debug|Any CPU.ActiveCfg = Debug|Any CPU
		{A8578A9C-8904-4AD9-B348-A220F24CE37A}.Debug|Any CPU.Build.0 = Debug|Any CPU
		{A8578A9C-8904-4AD9-B348-A220F24CE37A}.Release|Any CPU.ActiveCfg = Release|Any CPU
		{A8578A9C-8904-4AD9-B348-A220F24CE37A}.Release|Any CPU.Build.0 = Release|Any CPU
	EndGlobalSection
	GlobalSection(SolutionProperties) = preSolution
		HideSolutionNode = FALSE
	EndGlobalSection
	GlobalSection(ExtensibilityGlobals) = postSolution
		SolutionGuid = {D914E6C4-51DD-4922-AE2A-D2FDB3ECE593}
	EndGlobalSection
EndGlobal
